
Microsoft Visual Studio Solution File, Format Version 12.00
# Visual Studio Version 16
VisualStudioVersion = 16.0.29209.62
MinimumVisualStudioVersion = 10.0.40219.1
Project("{8BC9CEB8-8B4A-11D0-8D11-00A0C91BC942}") = "Lab4", "Lab4\Lab4.vcxproj", "{DC096B81-EB08-4C25-B5DA-923BA9D2A6EB}"
EndProject
Project("{8BC9CEB8-8B4A-11D0-8D11-00A0C91BC942}") = "Lab2", "Lab2\Lab2.vcxproj", "{B3CB0FCB-EFD4-4598-A161-7FC948F6FCBB}"
EndProject
Project("{8BC9CEB8-8B4A-11D0-8D11-00A0C91BC942}") = "Lab3", "Lab3\Lab3.vcxproj", "{EEE0B35F-68F8-47D6-A879-A3D08583B975}"
EndProject
Project("{2150E333-8FDC-42A3-9474-1A3956D46DE8}") = "Solution Items", "Solution Items", "{AFBFE9CE-3248-4ED9-9EED-5F3CF312965B}"
	ProjectSection(SolutionItems) = preProject
		README.md = README.md
	EndProjectSection
EndProject
Project("{8BC9CEB8-8B4A-11D0-8D11-00A0C91BC942}") = "Lab5", "Lab5\Lab5.vcxproj", "{E12E8FAE-6C05-4F7C-914F-A8C4CBD2DCA0}"
EndProject
Project("{8BC9CEB8-8B4A-11D0-8D11-00A0C91BC942}") = "NewtownsPalindrome", "NewtownsPalindrome\NewtownsPalindrome.vcxproj", "{C8AD5933-C146-4712-B72C-7B07C6EC14B0}"
EndProject
Global
	GlobalSection(SolutionConfigurationPlatforms) = preSolution
		Debug|x64 = Debug|x64
		Debug|x86 = Debug|x86
		Release|x64 = Release|x64
		Release|x86 = Release|x86
	EndGlobalSection
	GlobalSection(ProjectConfigurationPlatforms) = postSolution
		{DC096B81-EB08-4C25-B5DA-923BA9D2A6EB}.Debug|x64.ActiveCfg = Debug|x64
		{DC096B81-EB08-4C25-B5DA-923BA9D2A6EB}.Debug|x64.Build.0 = Debug|x64
		{DC096B81-EB08-4C25-B5DA-923BA9D2A6EB}.Debug|x86.ActiveCfg = Debug|Win32
		{DC096B81-EB08-4C25-B5DA-923BA9D2A6EB}.Debug|x86.Build.0 = Debug|Win32
		{DC096B81-EB08-4C25-B5DA-923BA9D2A6EB}.Release|x64.ActiveCfg = Release|x64
		{DC096B81-EB08-4C25-B5DA-923BA9D2A6EB}.Release|x64.Build.0 = Release|x64
		{DC096B81-EB08-4C25-B5DA-923BA9D2A6EB}.Release|x86.ActiveCfg = Release|Win32
		{DC096B81-EB08-4C25-B5DA-923BA9D2A6EB}.Release|x86.Build.0 = Release|Win32
		{B3CB0FCB-EFD4-4598-A161-7FC948F6FCBB}.Debug|x64.ActiveCfg = Debug|x64
		{B3CB0FCB-EFD4-4598-A161-7FC948F6FCBB}.Debug|x64.Build.0 = Debug|x64
		{B3CB0FCB-EFD4-4598-A161-7FC948F6FCBB}.Debug|x86.ActiveCfg = Debug|Win32
		{B3CB0FCB-EFD4-4598-A161-7FC948F6FCBB}.Debug|x86.Build.0 = Debug|Win32
		{B3CB0FCB-EFD4-4598-A161-7FC948F6FCBB}.Release|x64.ActiveCfg = Release|x64
		{B3CB0FCB-EFD4-4598-A161-7FC948F6FCBB}.Release|x64.Build.0 = Release|x64
		{B3CB0FCB-EFD4-4598-A161-7FC948F6FCBB}.Release|x86.ActiveCfg = Release|Win32
		{B3CB0FCB-EFD4-4598-A161-7FC948F6FCBB}.Release|x86.Build.0 = Release|Win32
		{EEE0B35F-68F8-47D6-A879-A3D08583B975}.Debug|x64.ActiveCfg = Debug|x64
		{EEE0B35F-68F8-47D6-A879-A3D08583B975}.Debug|x64.Build.0 = Debug|x64
		{EEE0B35F-68F8-47D6-A879-A3D08583B975}.Debug|x86.ActiveCfg = Debug|Win32
		{EEE0B35F-68F8-47D6-A879-A3D08583B975}.Debug|x86.Build.0 = Debug|Win32
		{EEE0B35F-68F8-47D6-A879-A3D08583B975}.Release|x64.ActiveCfg = Release|x64
		{EEE0B35F-68F8-47D6-A879-A3D08583B975}.Release|x64.Build.0 = Release|x64
		{EEE0B35F-68F8-47D6-A879-A3D08583B975}.Release|x86.ActiveCfg = Release|Win32
		{EEE0B35F-68F8-47D6-A879-A3D08583B975}.Release|x86.Build.0 = Release|Win32
		{E12E8FAE-6C05-4F7C-914F-A8C4CBD2DCA0}.Debug|x64.ActiveCfg = Debug|x64
		{E12E8FAE-6C05-4F7C-914F-A8C4CBD2DCA0}.Debug|x64.Build.0 = Debug|x64
		{E12E8FAE-6C05-4F7C-914F-A8C4CBD2DCA0}.Debug|x86.ActiveCfg = Debug|Win32
		{E12E8FAE-6C05-4F7C-914F-A8C4CBD2DCA0}.Debug|x86.Build.0 = Debug|Win32
		{E12E8FAE-6C05-4F7C-914F-A8C4CBD2DCA0}.Release|x64.ActiveCfg = Release|x64
		{E12E8FAE-6C05-4F7C-914F-A8C4CBD2DCA0}.Release|x64.Build.0 = Release|x64
		{E12E8FAE-6C05-4F7C-914F-A8C4CBD2DCA0}.Release|x86.ActiveCfg = Release|Win32
		{E12E8FAE-6C05-4F7C-914F-A8C4CBD2DCA0}.Release|x86.Build.0 = Release|Win32
		{C8AD5933-C146-4712-B72C-7B07C6EC14B0}.Debug|x64.ActiveCfg = Debug|x64
		{C8AD5933-C146-4712-B72C-7B07C6EC14B0}.Debug|x64.Build.0 = Debug|x64
		{C8AD5933-C146-4712-B72C-7B07C6EC14B0}.Debug|x86.ActiveCfg = Debug|Win32
		{C8AD5933-C146-4712-B72C-7B07C6EC14B0}.Debug|x86.Build.0 = Debug|Win32
		{C8AD5933-C146-4712-B72C-7B07C6EC14B0}.Release|x64.ActiveCfg = Release|x64
		{C8AD5933-C146-4712-B72C-7B07C6EC14B0}.Release|x64.Build.0 = Release|x64
		{C8AD5933-C146-4712-B72C-7B07C6EC14B0}.Release|x86.ActiveCfg = Release|Win32
		{C8AD5933-C146-4712-B72C-7B07C6EC14B0}.Release|x86.Build.0 = Release|Win32
	EndGlobalSection
	GlobalSection(SolutionProperties) = preSolution
		HideSolutionNode = FALSE
	EndGlobalSection
	GlobalSection(ExtensibilityGlobals) = postSolution
		SolutionGuid = {5FA2418A-C7FE-4065-892B-CE4F145D2BB2}
	EndGlobalSection
EndGlobal
